
Microsoft Visual Studio Solution File, Format Version 12.00
# Visual Studio Version 17
VisualStudioVersion = 17.10.35027.167
MinimumVisualStudioVersion = 10.0.40219.1
Project("{FAE04EC0-301F-11D3-BF4B-00C04F79EFBC}") = "CS_Bai5_ThuTienDien", "CS_Bai5_ThuTienDien.csproj", "{1F2B7145-98B6-4AF2-8AC2-79DC9CEC1020}"
EndProject
Global
	GlobalSection(SolutionConfigurationPlatforms) = preSolution
		Debug|Any CPU = Debug|Any CPU
		Release|Any CPU = Release|Any CPU
	EndGlobalSection
	GlobalSection(ProjectConfigurationPlatforms) = postSolution
		{1F2B7145-98B6-4AF2-8AC2-79DC9CEC1020}.Debug|Any CPU.ActiveCfg = Debug|Any CPU
		{1F2B7145-98B6-4AF2-8AC2-79DC9CEC1020}.Debug|Any CPU.Build.0 = Debug|Any CPU
		{1F2B7145-98B6-4AF2-8AC2-79DC9CEC1020}.Release|Any CPU.ActiveCfg = Release|Any CPU
		{1F2B7145-98B6-4AF2-8AC2-79DC9CEC1020}.Release|Any CPU.Build.0 = Release|Any CPU
	EndGlobalSection
	GlobalSection(SolutionProperties) = preSolution
		HideSolutionNode = FALSE
	EndGlobalSection
	GlobalSection(ExtensibilityGlobals) = postSolution
		SolutionGuid = {23FFF421-D906-49E5-84DB-D286C96A539E}
	EndGlobalSection
EndGlobal
